
Microsoft Visual Studio Solution File, Format Version 12.00
# Visual Studio Version 16
VisualStudioVersion = 16.0.30804.86
MinimumVisualStudioVersion = 10.0.40219.1
Project("{9A19103F-16F7-4668-BE54-9A1E7A4F7556}") = "VehiclePageCreator", "VehiclePageCreator\VehiclePageCreator.csproj", "{06FE2930-055C-40EE-AE29-266ACD74C443}"
EndProject
Global
	GlobalSection(SolutionConfigurationPlatforms) = preSolution
		Debug|Any CPU = Debug|Any CPU
		Release|Any CPU = Release|Any CPU
	EndGlobalSection
	GlobalSection(ProjectConfigurationPlatforms) = postSolution
		{06FE2930-055C-40EE-AE29-266ACD74C443}.Debug|Any CPU.ActiveCfg = Debug|Any CPU
		{06FE2930-055C-40EE-AE29-266ACD74C443}.Debug|Any CPU.Build.0 = Debug|Any CPU
		{06FE2930-055C-40EE-AE29-266ACD74C443}.Release|Any CPU.ActiveCfg = Release|Any CPU
		{06FE2930-055C-40EE-AE29-266ACD74C443}.Release|Any CPU.Build.0 = Release|Any CPU
	EndGlobalSection
	GlobalSection(SolutionProperties) = preSolution
		HideSolutionNode = FALSE
	EndGlobalSection
	GlobalSection(ExtensibilityGlobals) = postSolution
		SolutionGuid = {73627C96-5CB2-4672-94B7-39B59ED76CD6}
	EndGlobalSection
EndGlobal
